
Microsoft Visual Studio Solution File, Format Version 12.00
# Visual Studio Version 16
VisualStudioVersion = 16.0.34114.132
MinimumVisualStudioVersion = 10.0.40219.1
Project("{8BC9CEB8-8B4A-11D0-8D11-00A0C91BC942}") = "httpdns_demo", "httpdns_demo\httpdns_demo.vcxproj", "{9E9422E6-395F-42A1-B0FE-54E31D8F8209}"
EndProject
Project("{8BC9CEB8-8B4A-11D0-8D11-00A0C91BC942}") = "CommFunc", "CommFunc\CommFunc.vcxproj", "{E34F6145-1BB3-49A9-9C71-63D71D3A2F90}"
EndProject
Project("{8BC9CEB8-8B4A-11D0-8D11-00A0C91BC942}") = "httpdns", "httpdns\httpdns.vcxproj", "{BD8344D0-3E2A-4B40-8E54-E5DB558F5B60}"
EndProject
Global
	GlobalSection(SolutionConfigurationPlatforms) = preSolution
		Debug|x64 = Debug|x64
		Debug|x86 = Debug|x86
		Release|x64 = Release|x64
		Release|x86 = Release|x86
	EndGlobalSection
	GlobalSection(ProjectConfigurationPlatforms) = postSolution
		{9E9422E6-395F-42A1-B0FE-54E31D8F8209}.Debug|x64.ActiveCfg = Debug|x64
		{9E9422E6-395F-42A1-B0FE-54E31D8F8209}.Debug|x64.Build.0 = Debug|x64
		{9E9422E6-395F-42A1-B0FE-54E31D8F8209}.Debug|x86.ActiveCfg = Debug|Win32
		{9E9422E6-395F-42A1-B0FE-54E31D8F8209}.Debug|x86.Build.0 = Debug|Win32
		{9E9422E6-395F-42A1-B0FE-54E31D8F8209}.Release|x64.ActiveCfg = Release|x64
		{9E9422E6-395F-42A1-B0FE-54E31D8F8209}.Release|x64.Build.0 = Release|x64
		{9E9422E6-395F-42A1-B0FE-54E31D8F8209}.Release|x86.ActiveCfg = Release|Win32
		{9E9422E6-395F-42A1-B0FE-54E31D8F8209}.Release|x86.Build.0 = Release|Win32
		{E34F6145-1BB3-49A9-9C71-63D71D3A2F90}.Debug|x64.ActiveCfg = Debug|Win32
		{E34F6145-1BB3-49A9-9C71-63D71D3A2F90}.Debug|x86.ActiveCfg = Debug|Win32
		{E34F6145-1BB3-49A9-9C71-63D71D3A2F90}.Debug|x86.Build.0 = Debug|Win32
		{E34F6145-1BB3-49A9-9C71-63D71D3A2F90}.Release|x64.ActiveCfg = Release|Win32
		{E34F6145-1BB3-49A9-9C71-63D71D3A2F90}.Release|x86.ActiveCfg = Release|Win32
		{E34F6145-1BB3-49A9-9C71-63D71D3A2F90}.Release|x86.Build.0 = Release|Win32
		{BD8344D0-3E2A-4B40-8E54-E5DB558F5B60}.Debug|x64.ActiveCfg = Debug|x64
		{BD8344D0-3E2A-4B40-8E54-E5DB558F5B60}.Debug|x64.Build.0 = Debug|x64
		{BD8344D0-3E2A-4B40-8E54-E5DB558F5B60}.Debug|x86.ActiveCfg = Debug|Win32
		{BD8344D0-3E2A-4B40-8E54-E5DB558F5B60}.Debug|x86.Build.0 = Debug|Win32
		{BD8344D0-3E2A-4B40-8E54-E5DB558F5B60}.Release|x64.ActiveCfg = Release|x64
		{BD8344D0-3E2A-4B40-8E54-E5DB558F5B60}.Release|x64.Build.0 = Release|x64
		{BD8344D0-3E2A-4B40-8E54-E5DB558F5B60}.Release|x86.ActiveCfg = Release|Win32
		{BD8344D0-3E2A-4B40-8E54-E5DB558F5B60}.Release|x86.Build.0 = Release|Win32
	EndGlobalSection
	GlobalSection(SolutionProperties) = preSolution
		HideSolutionNode = FALSE
	EndGlobalSection
	GlobalSection(ExtensibilityGlobals) = postSolution
		SolutionGuid = {CB9F86BC-BD1E-4125-808E-58A021EF1E3E}
	EndGlobalSection
EndGlobal
